
Microsoft Visual Studio Solution File, Format Version 12.00
# Visual Studio Version 16
VisualStudioVersion = 16.0.32002.261
MinimumVisualStudioVersion = 10.0.40219.1
Project("{9A19103F-16F7-4668-BE54-9A1E7A4F7556}") = "PrismSample.App.Main", "PrismSample.App.Main\PrismSample.App.Main.csproj", "{65C0A0F6-820D-41B3-A228-27112616438D}"
EndProject
Project("{9A19103F-16F7-4668-BE54-9A1E7A4F7556}") = "PrismSample.Lib.Views", "PrismSample.Lib.Views\PrismSample.Lib.Views.csproj", "{87739030-4DB3-433F-9C06-0DD1618725D3}"
EndProject
Project("{9A19103F-16F7-4668-BE54-9A1E7A4F7556}") = "PrismSample.Lib.ViewModels", "PrismSample.Lib.ViewModels\PrismSample.Lib.ViewModels.csproj", "{6606F754-13AD-4DC8-AB00-44D25C5B4C27}"
EndProject
Project("{9A19103F-16F7-4668-BE54-9A1E7A4F7556}") = "PrismSample.Lib.Models", "PrismSample.Lib.Models\PrismSample.Lib.Models.csproj", "{13F9CC01-BD92-40EB-B504-9936403416EB}"
EndProject
Global
	GlobalSection(SolutionConfigurationPlatforms) = preSolution
		Debug|Any CPU = Debug|Any CPU
		Release|Any CPU = Release|Any CPU
	EndGlobalSection
	GlobalSection(ProjectConfigurationPlatforms) = postSolution
		{65C0A0F6-820D-41B3-A228-27112616438D}.Debug|Any CPU.ActiveCfg = Debug|Any CPU
		{65C0A0F6-820D-41B3-A228-27112616438D}.Debug|Any CPU.Build.0 = Debug|Any CPU
		{65C0A0F6-820D-41B3-A228-27112616438D}.Release|Any CPU.ActiveCfg = Release|Any CPU
		{65C0A0F6-820D-41B3-A228-27112616438D}.Release|Any CPU.Build.0 = Release|Any CPU
		{87739030-4DB3-433F-9C06-0DD1618725D3}.Debug|Any CPU.ActiveCfg = Debug|Any CPU
		{87739030-4DB3-433F-9C06-0DD1618725D3}.Debug|Any CPU.Build.0 = Debug|Any CPU
		{87739030-4DB3-433F-9C06-0DD1618725D3}.Release|Any CPU.ActiveCfg = Release|Any CPU
		{87739030-4DB3-433F-9C06-0DD1618725D3}.Release|Any CPU.Build.0 = Release|Any CPU
		{6606F754-13AD-4DC8-AB00-44D25C5B4C27}.Debug|Any CPU.ActiveCfg = Debug|Any CPU
		{6606F754-13AD-4DC8-AB00-44D25C5B4C27}.Debug|Any CPU.Build.0 = Debug|Any CPU
		{6606F754-13AD-4DC8-AB00-44D25C5B4C27}.Release|Any CPU.ActiveCfg = Release|Any CPU
		{6606F754-13AD-4DC8-AB00-44D25C5B4C27}.Release|Any CPU.Build.0 = Release|Any CPU
		{13F9CC01-BD92-40EB-B504-9936403416EB}.Debug|Any CPU.ActiveCfg = Debug|Any CPU
		{13F9CC01-BD92-40EB-B504-9936403416EB}.Debug|Any CPU.Build.0 = Debug|Any CPU
		{13F9CC01-BD92-40EB-B504-9936403416EB}.Release|Any CPU.ActiveCfg = Release|Any CPU
		{13F9CC01-BD92-40EB-B504-9936403416EB}.Release|Any CPU.Build.0 = Release|Any CPU
	EndGlobalSection
	GlobalSection(SolutionProperties) = preSolution
		HideSolutionNode = FALSE
	EndGlobalSection
	GlobalSection(ExtensibilityGlobals) = postSolution
		SolutionGuid = {F1B8CE70-E91F-4FB6-A08B-F4A8A5DCF479}
	EndGlobalSection
EndGlobal
